
Microsoft Visual Studio Solution File, Format Version 12.00
# Visual Studio Version 16
VisualStudioVersion = 16.0.32126.315
MinimumVisualStudioVersion = 10.0.40219.1
Project("{FAE04EC0-301F-11D3-BF4B-00C04F79EFBC}") = "WebAppCI.Api", "WebAppCI.Api\WebAppCI.Api.csproj", "{08B2CB4F-310B-49B0-9F2C-3561B97AB941}"
EndProject
Global
	GlobalSection(SolutionConfigurationPlatforms) = preSolution
		Debug|Any CPU = Debug|Any CPU
		Release|Any CPU = Release|Any CPU
	EndGlobalSection
	GlobalSection(ProjectConfigurationPlatforms) = postSolution
		{08B2CB4F-310B-49B0-9F2C-3561B97AB941}.Debug|Any CPU.ActiveCfg = Debug|Any CPU
		{08B2CB4F-310B-49B0-9F2C-3561B97AB941}.Debug|Any CPU.Build.0 = Debug|Any CPU
		{08B2CB4F-310B-49B0-9F2C-3561B97AB941}.Release|Any CPU.ActiveCfg = Release|Any CPU
		{08B2CB4F-310B-49B0-9F2C-3561B97AB941}.Release|Any CPU.Build.0 = Release|Any CPU
	EndGlobalSection
	GlobalSection(SolutionProperties) = preSolution
		HideSolutionNode = FALSE
	EndGlobalSection
	GlobalSection(ExtensibilityGlobals) = postSolution
		SolutionGuid = {60DB1C4C-C914-447A-AE67-5BCF8321814E}
	EndGlobalSection
EndGlobal
